{
  "version": 4,
  "terraform_version": "1.2.5",
  "serial": 104,
  "lineage": "aaae139a-c806-3b59-d9f1-a81b99de7c41",
  "outputs": {},
  "resources": [
    {
      "mode": "managed",
      "type": "google_compute_firewall",
      "name": "ssh-rule",
      "provider": "provider[\"registry.terraform.io/hashicorp/google\"]",
      "instances": [
        {
          "schema_version": 1,
          "attributes": {
            "allow": [
              {
                "ports": [
                  "22"
                ],
                "protocol": "tcp"
              }
            ],
            "creation_timestamp": "2022-07-27T12:43:06.053-07:00",
            "deny": [],
            "description": "",
            "destination_ranges": [],
            "direction": "INGRESS",
            "disabled": false,
            "enable_logging": null,
            "id": "projects/omar-gcp-project-1/global/firewalls/allow-ssh-traffic",
            "log_config": [],
            "name": "allow-ssh-traffic",
            "network": "https://www.googleapis.com/compute/v1/projects/omar-gcp-project-1/global/networks/terraform-vpc",
            "priority": 1000,
            "project": "omar-gcp-project-1",
            "self_link": "https://www.googleapis.com/compute/v1/projects/omar-gcp-project-1/global/firewalls/allow-ssh-traffic",
            "source_ranges": [
              "35.235.240.0/20"
            ],
            "source_service_accounts": [],
            "source_tags": [],
            "target_service_accounts": [],
            "target_tags": [
              "bastion"
            ],
            "timeouts": null
          },
          "sensitive_attributes": [],
          "private": "eyJlMmJmYjczMC1lY2FhLTExZTYtOGY4OC0zNDM2M2JjN2M0YzAiOnsiY3JlYXRlIjoxMjAwMDAwMDAwMDAwLCJkZWxldGUiOjEyMDAwMDAwMDAwMDAsInVwZGF0ZSI6MTIwMDAwMDAwMDAwMH0sInNjaGVtYV92ZXJzaW9uIjoiMSJ9",
          "dependencies": [
            "module.network.google_compute_network.terra_vpc"
          ]
        }
      ]
    },
    {
      "mode": "managed",
      "type": "google_compute_instance",
      "name": "bastion_host",
      "provider": "provider[\"registry.terraform.io/hashicorp/google\"]",
      "instances": [
        {
          "schema_version": 6,
          "attributes": {
            "advanced_machine_features": [],
            "allow_stopping_for_update": null,
            "attached_disk": [],
            "boot_disk": [
              {
                "auto_delete": true,
                "device_name": "persistent-disk-0",
                "disk_encryption_key_raw": "",
                "disk_encryption_key_sha256": "",
                "initialize_params": [
                  {
                    "image": "https://www.googleapis.com/compute/v1/projects/ubuntu-os-cloud/global/images/ubuntu-2004-focal-v20220712",
                    "labels": {},
                    "size": 10,
                    "type": "pd-standard"
                  }
                ],
                "kms_key_self_link": "",
                "mode": "READ_WRITE",
                "source": "https://www.googleapis.com/compute/v1/projects/omar-gcp-project-1/zones/europe-west2-a/disks/gke-bastion"
              }
            ],
            "can_ip_forward": false,
            "confidential_instance_config": [],
            "cpu_platform": "Intel Broadwell",
            "current_status": "RUNNING",
            "deletion_protection": false,
            "description": "",
            "desired_status": null,
            "enable_display": false,
            "guest_accelerator": [],
            "hostname": "",
            "id": "projects/omar-gcp-project-1/zones/europe-west2-a/instances/gke-bastion",
            "instance_id": "3737905380828391203",
            "label_fingerprint": "42WmSpB8rSM=",
            "labels": {},
            "machine_type": "e2-micro",
            "metadata": {},
            "metadata_fingerprint": "SSPgVlp9iQE=",
            "metadata_startup_script": "#!/bin/bash\napt update -y\napt upgrade -y\napt install snapd\nsnap install kubectl --classic;\n\n",
            "min_cpu_platform": "",
            "name": "gke-bastion",
            "network_interface": [
              {
                "access_config": [],
                "alias_ip_range": [],
                "ipv6_access_config": [],
                "ipv6_access_type": "",
                "name": "nic0",
                "network": "https://www.googleapis.com/compute/v1/projects/omar-gcp-project-1/global/networks/terraform-vpc",
                "network_ip": "10.0.1.2",
                "nic_type": "",
                "queue_count": 0,
                "stack_type": "IPV4_ONLY",
                "subnetwork": "https://www.googleapis.com/compute/v1/projects/omar-gcp-project-1/regions/europe-west2/subnetworks/management-subnet",
                "subnetwork_project": "omar-gcp-project-1"
              }
            ],
            "project": "omar-gcp-project-1",
            "reservation_affinity": [],
            "resource_policies": [],
            "scheduling": [
              {
                "automatic_restart": true,
                "instance_termination_action": "",
                "min_node_cpus": 0,
                "node_affinities": [],
                "on_host_maintenance": "MIGRATE",
                "preemptible": false,
                "provisioning_model": "STANDARD"
              }
            ],
            "scratch_disk": [],
            "self_link": "https://www.googleapis.com/compute/v1/projects/omar-gcp-project-1/zones/europe-west2-a/instances/gke-bastion",
            "service_account": [
              {
                "email": "bastion-sa@omar-gcp-project-1.iam.gserviceaccount.com",
                "scopes": [
                  "https://www.googleapis.com/auth/cloud-platform"
                ]
              }
            ],
            "shielded_instance_config": [
              {
                "enable_integrity_monitoring": true,
                "enable_secure_boot": false,
                "enable_vtpm": true
              }
            ],
            "tags": [
              "bastion",
              "managed-subnet"
            ],
            "tags_fingerprint": "Az8lDh2Sxa4=",
            "timeouts": null,
            "zone": "europe-west2-a"
          },
          "sensitive_attributes": [],
          "private": "eyJlMmJmYjczMC1lY2FhLTExZTYtOGY4OC0zNDM2M2JjN2M0YzAiOnsiY3JlYXRlIjoxMjAwMDAwMDAwMDAwLCJkZWxldGUiOjEyMDAwMDAwMDAwMDAsInVwZGF0ZSI6MTIwMDAwMDAwMDAwMH0sInNjaGVtYV92ZXJzaW9uIjoiNiJ9",
          "dependencies": [
            "google_service_account.bastion_service_account",
            "module.network.google_compute_network.terra_vpc",
            "module.network.google_compute_subnetwork.managed-subnet"
          ]
        }
      ]
    },
    {
      "mode": "managed",
      "type": "google_container_cluster",
      "name": "my_cluster",
      "provider": "provider[\"registry.terraform.io/hashicorp/google\"]",
      "instances": [
        {
          "schema_version": 1,
          "attributes": {
            "addons_config": [
              {
                "cloudrun_config": [],
                "dns_cache_config": [],
                "gce_persistent_disk_csi_driver_config": [
                  {
                    "enabled": true
                  }
                ],
                "gcp_filestore_csi_driver_config": [],
                "horizontal_pod_autoscaling": [],
                "http_load_balancing": [
                  {
                    "disabled": true
                  }
                ],
                "network_policy_config": [
                  {
                    "disabled": true
                  }
                ]
              }
            ],
            "authenticator_groups_config": [],
            "binary_authorization": [
              {
                "enabled": false,
                "evaluation_mode": ""
              }
            ],
            "cluster_autoscaling": [
              {
                "auto_provisioning_defaults": [],
                "enabled": false,
                "resource_limits": []
              }
            ],
            "cluster_ipv4_cidr": "192.168.0.0/16",
            "confidential_nodes": [],
            "database_encryption": [
              {
                "key_name": "",
                "state": "DECRYPTED"
              }
            ],
            "datapath_provider": "",
            "default_max_pods_per_node": 110,
            "default_snat_status": [
              {
                "disabled": false
              }
            ],
            "description": "",
            "dns_config": [],
            "enable_autopilot": false,
            "enable_binary_authorization": false,
            "enable_intranode_visibility": false,
            "enable_kubernetes_alpha": false,
            "enable_legacy_abac": false,
            "enable_shielded_nodes": true,
            "enable_tpu": false,
            "endpoint": "172.16.0.2",
            "id": "projects/omar-gcp-project-1/locations/europe-west2-a/clusters/my-gke-cluster",
            "initial_node_count": 1,
            "ip_allocation_policy": [
              {
                "cluster_ipv4_cidr_block": "192.168.0.0/16",
                "cluster_secondary_range_name": "gke-my-gke-cluster-pods-66c7614b",
                "services_ipv4_cidr_block": "10.96.0.0/16",
                "services_secondary_range_name": "gke-my-gke-cluster-services-66c7614b"
              }
            ],
            "label_fingerprint": "a9dc16a7",
            "location": "europe-west2-a",
            "logging_config": [
              {
                "enable_components": [
                  "SYSTEM_COMPONENTS",
                  "WORKLOADS"
                ]
              }
            ],
            "logging_service": "logging.googleapis.com/kubernetes",
            "maintenance_policy": [],
            "master_auth": [
              {
                "client_certificate": "",
                "client_certificate_config": [
                  {
                    "issue_client_certificate": false
                  }
                ],
                "client_key": "",
                "cluster_ca_certificate": "LS0tLS1CRUdJTiBDRVJUSUZJQ0FURS0tLS0tCk1JSUVMRENDQXBTZ0F3SUJBZ0lRR3RPdEQ1ZWpyalhnUjFQVXZhaUFnakFOQmdrcWhraUc5dzBCQVFzRkFEQXYKTVMwd0t3WURWUVFERXlReE1HRXpNems1TUMxaU9HTTJMVFJpTXpNdFltSTJNQzB3TkRGbU1UTTVOR00yWm1JdwpJQmNOTWpJd056STNNakV4TlRVMldoZ1BNakExTWpBM01Ua3lNakUxTlRaYU1DOHhMVEFyQmdOVkJBTVRKREV3CllUTXpPVGt3TFdJNFl6WXROR0l6TXkxaVlqWXdMVEEwTVdZeE16azBZelptWWpDQ0FhSXdEUVlKS29aSWh2Y04KQVFFQkJRQURnZ0dQQURDQ0FZb0NnZ0dCQUxWYmxlZzNsSldMZ2svaUhyVUt5NVlNTk1VT3pTcnJjZW5iOHRoeQowQzBuTkc5ZWViQXozQ1RVOEJQL01MaElmbUs4NUFwN3RYaHVKVmlDMTQyUkVOTVhtTGlIcTVHbXFuUGI1ZlllCklXZnhtWGpJM1dMUUtpTkFUMVFPVFVQS2ZXTzlFNGFLTEJzR2ZnYjJybjF0VmtwOHNsWUZjRW5NbDRHSnIrTkUKbHdzTEpwQXh1bW5MeXU4d1BqVVFUWmFLekZxbVN3VEk3aHo1Z2pzbUhKcjF6UytET3MvcnBYbzlVazFQWVR0bAorOEJja1dHTTJmQTM4d1o0dWpIZlZ3MDEwdUswMjM1RENhYVdwREdrNE9EdXhWRllOTURXOE1BR2xCYVRuRlFoCjJpRzI5eWd3ZDg5ckFIWVA3TlVTc2FTaVdpTnlEbWVFUExVR1YwMlZGa2lxMml6NkJXT3FuMGVuQTkvL3QwSTUKak4zVUozT0xUYWF4V2JoZVNuNzFwTjdoRGdndVRsVlpEWlU0SkFQYnhqeXFRaVdQT2tyeTN2Yi9iOGJIRUdzdgpLNHRiN2wvY3ZGTUxaMUxmUkMvWk9DUkUvSHg2eFVZYWMrcFBUZ2k0RjVKb0pIcFFHM1RSck9pNUtwczdaeVpGCmgweVRKNDUxVTlzREhtYzY4YTltSGQ1cVV3SURBUUFCbzBJd1FEQU9CZ05WSFE4QkFmOEVCQU1DQWdRd0R3WUQKVlIwVEFRSC9CQVV3QXdFQi96QWRCZ05WSFE0RUZnUVU2WHNGR25yTWo0NVhpaDM5Z0I1R0V5MHNZS2t3RFFZSgpLb1pJaHZjTkFRRUxCUUFEZ2dHQkFCUUR3VDBhcnFINkdMSVNPUllnNEttZkNZZThEQXcyZGdLVXF3M2NiTmp5CkR6dkUxbFpQNnZEWVJoaXlrUEJnR3JFTk5jQyt3MmZRdUFjYUlldU5QK085c1lsTlh4bzl2T0VRaTA4UFBYSEIKUU5XODhUSm1odjdhZTlKWndEV055NTBUWDNUOTR0VVBURzlnUkVTWGVpcHlDNklPN3M1WTJnd09TVytUNlNhagpETHVGb0MyekRSMGdrTHZ2SGV5Ky9hN1AxdGdoVUFsSW8wdU01YW1tbXRPcmRmZ29LTTNqTmZnWFBzcVlxNW9zCmF4azZ4ODhtSzdrTVc4eVJ4alNnTWpJZFNnQ09Jdkg0WElXL0RGZWR0ZGRZZnVKSHRPU05mdGU3NExQa083MFcKdXUveElNZmg3d2JZSUV4LzJRczcvT0VSdXN5UnRDTm9mdGx1bmxZVDdFSHMwUlovNk56OFQ2UWJRbFhLdGpoUAp3YzRCRmpaZHhBM0cxQ0NXczhzQW8vbmNMcnhzeTNvVGZKQ3RpUnA5THVhWUVKMlRxQ1JKZEdaUC9KeFFkVFBRCk1mNDU2QnMxSzFScmdSOGVSM09tU0EzSWhJWEhDS0Z1bEZsQ2VvYkRaT2JrVW5MU2NQelozeHA1NnBBcFlPOWQKeXAwZW9YZDRqc0E0L3ExSHh0UDgzZz09Ci0tLS0tRU5EIENFUlRJRklDQVRFLS0tLS0K"
              }
            ],
            "master_authorized_networks_config": [
              {
                "cidr_blocks": [
                  {
                    "cidr_block": "10.0.1.0/24",
                    "display_name": "managed-subnet-only-acces"
                  }
                ]
              }
            ],
            "master_version": "1.21.12-gke.1500",
            "min_master_version": null,
            "monitoring_config": [
              {
                "enable_components": [
                  "SYSTEM_COMPONENTS"
                ]
              }
            ],
            "monitoring_service": "monitoring.googleapis.com/kubernetes",
            "name": "my-gke-cluster",
            "network": "projects/omar-gcp-project-1/global/networks/terraform-vpc",
            "network_policy": [
              {
                "enabled": false,
                "provider": "PROVIDER_UNSPECIFIED"
              }
            ],
            "networking_mode": "VPC_NATIVE",
            "node_config": [],
            "node_locations": [],
            "node_pool": [],
            "node_version": "1.21.12-gke.1500",
            "notification_config": [
              {
                "pubsub": [
                  {
                    "enabled": false,
                    "topic": ""
                  }
                ]
              }
            ],
            "operation": null,
            "private_cluster_config": [
              {
                "enable_private_endpoint": true,
                "enable_private_nodes": true,
                "master_global_access_config": [
                  {
                    "enabled": false
                  }
                ],
                "master_ipv4_cidr_block": "172.16.0.0/28",
                "peering_name": "gke-n856383757a3aceb7f16-f02e-59ad-peer",
                "private_endpoint": "172.16.0.2",
                "public_endpoint": "35.246.62.234"
              }
            ],
            "private_ipv6_google_access": "",
            "project": "omar-gcp-project-1",
            "release_channel": [
              {
                "channel": "STABLE"
              }
            ],
            "remove_default_node_pool": true,
            "resource_labels": null,
            "resource_usage_export_config": [],
            "self_link": "https://container.googleapis.com/v1/projects/omar-gcp-project-1/zones/europe-west2-a/clusters/my-gke-cluster",
            "services_ipv4_cidr": "10.96.0.0/16",
            "subnetwork": "projects/omar-gcp-project-1/regions/europe-west2/subnetworks/restricted-subnet",
            "timeouts": null,
            "tpu_ipv4_cidr_block": "",
            "vertical_pod_autoscaling": [],
            "workload_identity_config": []
          },
          "sensitive_attributes": [],
          "private": "eyJlMmJmYjczMC1lY2FhLTExZTYtOGY4OC0zNDM2M2JjN2M0YzAiOnsiY3JlYXRlIjoyNDAwMDAwMDAwMDAwLCJkZWxldGUiOjI0MDAwMDAwMDAwMDAsInJlYWQiOjI0MDAwMDAwMDAwMDAsInVwZGF0ZSI6MzYwMDAwMDAwMDAwMH0sInNjaGVtYV92ZXJzaW9uIjoiMSJ9",
          "dependencies": [
            "module.network.google_compute_network.terra_vpc",
            "module.network.google_compute_subnetwork.restricted-subnet"
          ]
        }
      ]
    },
    {
      "mode": "managed",
      "type": "google_container_node_pool",
      "name": "mycluster_nodes",
      "provider": "provider[\"registry.terraform.io/hashicorp/google\"]",
      "instances": [
        {
          "schema_version": 1,
          "attributes": {
            "autoscaling": [],
            "cluster": "my-gke-cluster",
            "id": "projects/omar-gcp-project-1/locations/europe-west2-a/clusters/my-gke-cluster/nodePools/my-node-pool",
            "initial_node_count": 1,
            "instance_group_urls": [
              "https://www.googleapis.com/compute/v1/projects/omar-gcp-project-1/zones/europe-west2-a/instanceGroupManagers/gke-my-gke-cluster-my-node-pool-651f915e-grp"
            ],
            "location": "europe-west2-a",
            "managed_instance_group_urls": [
              "https://www.googleapis.com/compute/v1/projects/omar-gcp-project-1/zones/europe-west2-a/instanceGroups/gke-my-gke-cluster-my-node-pool-651f915e-grp"
            ],
            "management": [
              {
                "auto_repair": true,
                "auto_upgrade": true
              }
            ],
            "max_pods_per_node": 110,
            "name": "my-node-pool",
            "name_prefix": "",
            "node_config": [
              {
                "boot_disk_kms_key": "",
                "disk_size_gb": 100,
                "disk_type": "pd-standard",
                "gcfs_config": [],
                "guest_accelerator": [],
                "gvnic": [],
                "image_type": "COS_CONTAINERD",
                "labels": {},
                "local_ssd_count": 0,
                "machine_type": "e2-small",
                "metadata": {
                  "disable-legacy-endpoints": "true"
                },
                "min_cpu_platform": "",
                "node_group": "",
                "oauth_scopes": [
                  "https://www.googleapis.com/auth/cloud-platform"
                ],
                "preemptible": false,
                "service_account": "kubernetes-sa@omar-gcp-project-1.iam.gserviceaccount.com",
                "shielded_instance_config": [
                  {
                    "enable_integrity_monitoring": true,
                    "enable_secure_boot": false
                  }
                ],
                "spot": false,
                "tags": null,
                "taint": [],
                "workload_metadata_config": []
              }
            ],
            "node_count": 1,
            "node_locations": [
              "europe-west2-a"
            ],
            "operation": null,
            "project": "omar-gcp-project-1",
            "timeouts": null,
            "upgrade_settings": [
              {
                "max_surge": 1,
                "max_unavailable": 0
              }
            ],
            "version": "1.21.12-gke.1500"
          },
          "sensitive_attributes": [],
          "private": "eyJlMmJmYjczMC1lY2FhLTExZTYtOGY4OC0zNDM2M2JjN2M0YzAiOnsiY3JlYXRlIjoxODAwMDAwMDAwMDAwLCJkZWxldGUiOjE4MDAwMDAwMDAwMDAsInVwZGF0ZSI6MTgwMDAwMDAwMDAwMH0sInNjaGVtYV92ZXJzaW9uIjoiMSJ9",
          "dependencies": [
            "google_container_cluster.my_cluster",
            "google_service_account.kubernetes_service_account",
            "module.network.google_compute_network.terra_vpc",
            "module.network.google_compute_subnetwork.restricted-subnet"
          ]
        }
      ]
    },
    {
      "mode": "managed",
      "type": "google_project_iam_binding",
      "name": "gke_sa_binding",
      "provider": "provider[\"registry.terraform.io/hashicorp/google\"]",
      "instances": [
        {
          "schema_version": 0,
          "attributes": {
            "condition": [],
            "etag": "BwXk0J+I7N0=",
            "id": "omar-gcp-project-1/roles/storage.admin",
            "members": [
              "serviceAccount:kubernetes-sa@omar-gcp-project-1.iam.gserviceaccount.com"
            ],
            "project": "omar-gcp-project-1",
            "role": "roles/storage.admin"
          },
          "sensitive_attributes": [],
          "private": "bnVsbA==",
          "dependencies": [
            "google_service_account.kubernetes_service_account"
          ]
        }
      ]
    },
    {
      "mode": "managed",
      "type": "google_project_iam_binding",
      "name": "sa_binding",
      "provider": "provider[\"registry.terraform.io/hashicorp/google\"]",
      "instances": [
        {
          "schema_version": 0,
          "attributes": {
            "condition": [],
            "etag": "BwXk0J+I7N0=",
            "id": "omar-gcp-project-1/roles/container.admin",
            "members": [
              "serviceAccount:bastion-sa@omar-gcp-project-1.iam.gserviceaccount.com"
            ],
            "project": "omar-gcp-project-1",
            "role": "roles/container.admin"
          },
          "sensitive_attributes": [],
          "private": "bnVsbA==",
          "dependencies": [
            "google_service_account.bastion_service_account"
          ]
        }
      ]
    },
    {
      "mode": "managed",
      "type": "google_service_account",
      "name": "bastion_service_account",
      "provider": "provider[\"registry.terraform.io/hashicorp/google\"]",
      "instances": [
        {
          "schema_version": 0,
          "attributes": {
            "account_id": "bastion-sa",
            "description": "",
            "disabled": false,
            "display_name": "Bastion service account",
            "email": "bastion-sa@omar-gcp-project-1.iam.gserviceaccount.com",
            "id": "projects/omar-gcp-project-1/serviceAccounts/bastion-sa@omar-gcp-project-1.iam.gserviceaccount.com",
            "name": "projects/omar-gcp-project-1/serviceAccounts/bastion-sa@omar-gcp-project-1.iam.gserviceaccount.com",
            "project": "omar-gcp-project-1",
            "timeouts": null,
            "unique_id": "112012234818135899042"
          },
          "sensitive_attributes": [],
          "private": "eyJlMmJmYjczMC1lY2FhLTExZTYtOGY4OC0zNDM2M2JjN2M0YzAiOnsiY3JlYXRlIjozMDAwMDAwMDAwMDB9fQ=="
        }
      ]
    },
    {
      "mode": "managed",
      "type": "google_service_account",
      "name": "kubernetes_service_account",
      "provider": "provider[\"registry.terraform.io/hashicorp/google\"]",
      "instances": [
        {
          "schema_version": 0,
          "attributes": {
            "account_id": "kubernetes-sa",
            "description": "",
            "disabled": false,
            "display_name": "Kubernetes SA",
            "email": "kubernetes-sa@omar-gcp-project-1.iam.gserviceaccount.com",
            "id": "projects/omar-gcp-project-1/serviceAccounts/kubernetes-sa@omar-gcp-project-1.iam.gserviceaccount.com",
            "name": "projects/omar-gcp-project-1/serviceAccounts/kubernetes-sa@omar-gcp-project-1.iam.gserviceaccount.com",
            "project": "omar-gcp-project-1",
            "timeouts": null,
            "unique_id": "100854809834420755717"
          },
          "sensitive_attributes": [],
          "private": "eyJlMmJmYjczMC1lY2FhLTExZTYtOGY4OC0zNDM2M2JjN2M0YzAiOnsiY3JlYXRlIjozMDAwMDAwMDAwMDB9fQ=="
        }
      ]
    },
    {
      "module": "module.network",
      "mode": "managed",
      "type": "google_compute_network",
      "name": "terra_vpc",
      "provider": "provider[\"registry.terraform.io/hashicorp/google\"]",
      "instances": [
        {
          "schema_version": 0,
          "attributes": {
            "auto_create_subnetworks": false,
            "delete_default_routes_on_create": false,
            "description": "This vpc was created using Terraform",
            "enable_ula_internal_ipv6": false,
            "gateway_ipv4": "",
            "id": "projects/omar-gcp-project-1/global/networks/terraform-vpc",
            "internal_ipv6_range": "",
            "mtu": 0,
            "name": "terraform-vpc",
            "project": "omar-gcp-project-1",
            "routing_mode": "REGIONAL",
            "self_link": "https://www.googleapis.com/compute/v1/projects/omar-gcp-project-1/global/networks/terraform-vpc",
            "timeouts": null
          },
          "sensitive_attributes": [],
          "private": "eyJlMmJmYjczMC1lY2FhLTExZTYtOGY4OC0zNDM2M2JjN2M0YzAiOnsiY3JlYXRlIjoxMjAwMDAwMDAwMDAwLCJkZWxldGUiOjEyMDAwMDAwMDAwMDAsInVwZGF0ZSI6MTIwMDAwMDAwMDAwMH19"
        }
      ]
    },
    {
      "module": "module.network",
      "mode": "managed",
      "type": "google_compute_router",
      "name": "cloud_router",
      "provider": "provider[\"registry.terraform.io/hashicorp/google\"]",
      "instances": [
        {
          "schema_version": 0,
          "attributes": {
            "bgp": [],
            "creation_timestamp": "2022-07-27T12:43:06.711-07:00",
            "description": "",
            "encrypted_interconnect_router": false,
            "id": "projects/omar-gcp-project-1/regions/europe-west2/routers/my-cloud-router",
            "name": "my-cloud-router",
            "network": "https://www.googleapis.com/compute/v1/projects/omar-gcp-project-1/global/networks/terraform-vpc",
            "project": "omar-gcp-project-1",
            "region": "europe-west2",
            "self_link": "https://www.googleapis.com/compute/v1/projects/omar-gcp-project-1/regions/europe-west2/routers/my-cloud-router",
            "timeouts": null
          },
          "sensitive_attributes": [],
          "private": "eyJlMmJmYjczMC1lY2FhLTExZTYtOGY4OC0zNDM2M2JjN2M0YzAiOnsiY3JlYXRlIjoxMjAwMDAwMDAwMDAwLCJkZWxldGUiOjEyMDAwMDAwMDAwMDAsInVwZGF0ZSI6MTIwMDAwMDAwMDAwMH19",
          "dependencies": [
            "module.network.google_compute_network.terra_vpc"
          ]
        }
      ]
    },
    {
      "module": "module.network",
      "mode": "managed",
      "type": "google_compute_router_nat",
      "name": "nat",
      "provider": "provider[\"registry.terraform.io/hashicorp/google\"]",
      "instances": [
        {
          "schema_version": 0,
          "attributes": {
            "drain_nat_ips": [],
            "enable_dynamic_port_allocation": false,
            "enable_endpoint_independent_mapping": true,
            "icmp_idle_timeout_sec": 30,
            "id": "omar-gcp-project-1/europe-west2/my-cloud-router/my-ngw",
            "log_config": [],
            "max_ports_per_vm": 0,
            "min_ports_per_vm": 0,
            "name": "my-ngw",
            "nat_ip_allocate_option": "AUTO_ONLY",
            "nat_ips": [],
            "project": "omar-gcp-project-1",
            "region": "europe-west2",
            "router": "my-cloud-router",
            "source_subnetwork_ip_ranges_to_nat": "ALL_SUBNETWORKS_ALL_IP_RANGES",
            "subnetwork": [],
            "tcp_established_idle_timeout_sec": 1200,
            "tcp_transitory_idle_timeout_sec": 30,
            "timeouts": null,
            "udp_idle_timeout_sec": 30
          },
          "sensitive_attributes": [],
          "private": "eyJlMmJmYjczMC1lY2FhLTExZTYtOGY4OC0zNDM2M2JjN2M0YzAiOnsiY3JlYXRlIjoxMjAwMDAwMDAwMDAwLCJkZWxldGUiOjEyMDAwMDAwMDAwMDAsInVwZGF0ZSI6MTIwMDAwMDAwMDAwMH19",
          "dependencies": [
            "module.network.google_compute_network.terra_vpc",
            "module.network.google_compute_router.cloud_router"
          ]
        }
      ]
    },
    {
      "module": "module.network",
      "mode": "managed",
      "type": "google_compute_subnetwork",
      "name": "managed-subnet",
      "provider": "provider[\"registry.terraform.io/hashicorp/google\"]",
      "instances": [
        {
          "schema_version": 0,
          "attributes": {
            "creation_timestamp": "2022-07-27T12:43:07.467-07:00",
            "description": "This subnet was created by Terraform",
            "external_ipv6_prefix": "",
            "fingerprint": null,
            "gateway_address": "10.0.1.1",
            "id": "projects/omar-gcp-project-1/regions/europe-west2/subnetworks/management-subnet",
            "ip_cidr_range": "10.0.1.0/24",
            "ipv6_access_type": "",
            "ipv6_cidr_range": "",
            "log_config": [],
            "name": "management-subnet",
            "network": "https://www.googleapis.com/compute/v1/projects/omar-gcp-project-1/global/networks/terraform-vpc",
            "private_ip_google_access": true,
            "private_ipv6_google_access": "DISABLE_GOOGLE_ACCESS",
            "project": "omar-gcp-project-1",
            "purpose": "PRIVATE",
            "region": "europe-west2",
            "role": "",
            "secondary_ip_range": [],
            "self_link": "https://www.googleapis.com/compute/v1/projects/omar-gcp-project-1/regions/europe-west2/subnetworks/management-subnet",
            "stack_type": "IPV4_ONLY",
            "timeouts": null
          },
          "sensitive_attributes": [],
          "private": "eyJlMmJmYjczMC1lY2FhLTExZTYtOGY4OC0zNDM2M2JjN2M0YzAiOnsiY3JlYXRlIjoxMjAwMDAwMDAwMDAwLCJkZWxldGUiOjEyMDAwMDAwMDAwMDAsInVwZGF0ZSI6MTIwMDAwMDAwMDAwMH19",
          "dependencies": [
            "module.network.google_compute_network.terra_vpc"
          ]
        }
      ]
    },
    {
      "module": "module.network",
      "mode": "managed",
      "type": "google_compute_subnetwork",
      "name": "restricted-subnet",
      "provider": "provider[\"registry.terraform.io/hashicorp/google\"]",
      "instances": [
        {
          "schema_version": 0,
          "attributes": {
            "creation_timestamp": "2022-07-27T12:43:06.980-07:00",
            "description": "This subnet was created by Terraform",
            "external_ipv6_prefix": "",
            "fingerprint": null,
            "gateway_address": "10.0.2.1",
            "id": "projects/omar-gcp-project-1/regions/europe-west2/subnetworks/restricted-subnet",
            "ip_cidr_range": "10.0.2.0/24",
            "ipv6_access_type": "",
            "ipv6_cidr_range": "",
            "log_config": [],
            "name": "restricted-subnet",
            "network": "https://www.googleapis.com/compute/v1/projects/omar-gcp-project-1/global/networks/terraform-vpc",
            "private_ip_google_access": true,
            "private_ipv6_google_access": "DISABLE_GOOGLE_ACCESS",
            "project": "omar-gcp-project-1",
            "purpose": "PRIVATE",
            "region": "europe-west2",
            "role": "",
            "secondary_ip_range": [],
            "self_link": "https://www.googleapis.com/compute/v1/projects/omar-gcp-project-1/regions/europe-west2/subnetworks/restricted-subnet",
            "stack_type": "IPV4_ONLY",
            "timeouts": null
          },
          "sensitive_attributes": [],
          "private": "eyJlMmJmYjczMC1lY2FhLTExZTYtOGY4OC0zNDM2M2JjN2M0YzAiOnsiY3JlYXRlIjoxMjAwMDAwMDAwMDAwLCJkZWxldGUiOjEyMDAwMDAwMDAwMDAsInVwZGF0ZSI6MTIwMDAwMDAwMDAwMH19",
          "dependencies": [
            "module.network.google_compute_network.terra_vpc"
          ]
        }
      ]
    }
  ]
}
